
Microsoft Visual Studio Solution File, Format Version 12.00
# Visual Studio Version 16
VisualStudioVersion = 16.0.31729.503
MinimumVisualStudioVersion = 10.0.40219.1
Project("{FAE04EC0-301F-11D3-BF4B-00C04F79EFBC}") = "Lab6KPZ", "Lab6KPZ.csproj", "{77632D67-202D-4089-8B7C-C0F93821F13A}"
EndProject
Project("{FAE04EC0-301F-11D3-BF4B-00C04F79EFBC}") = "DBFirst", "..\DBFirst\DBFirst.csproj", "{C88DEB60-8588-45E4-AEE8-CB0F08424C8B}"
EndProject
Global
	GlobalSection(SolutionConfigurationPlatforms) = preSolution
		Debug|Any CPU = Debug|Any CPU
		Release|Any CPU = Release|Any CPU
	EndGlobalSection
	GlobalSection(ProjectConfigurationPlatforms) = postSolution
		{77632D67-202D-4089-8B7C-C0F93821F13A}.Debug|Any CPU.ActiveCfg = Debug|Any CPU
		{77632D67-202D-4089-8B7C-C0F93821F13A}.Debug|Any CPU.Build.0 = Debug|Any CPU
		{77632D67-202D-4089-8B7C-C0F93821F13A}.Release|Any CPU.ActiveCfg = Release|Any CPU
		{77632D67-202D-4089-8B7C-C0F93821F13A}.Release|Any CPU.Build.0 = Release|Any CPU
		{C88DEB60-8588-45E4-AEE8-CB0F08424C8B}.Debug|Any CPU.ActiveCfg = Debug|Any CPU
		{C88DEB60-8588-45E4-AEE8-CB0F08424C8B}.Debug|Any CPU.Build.0 = Debug|Any CPU
		{C88DEB60-8588-45E4-AEE8-CB0F08424C8B}.Release|Any CPU.ActiveCfg = Release|Any CPU
		{C88DEB60-8588-45E4-AEE8-CB0F08424C8B}.Release|Any CPU.Build.0 = Release|Any CPU
	EndGlobalSection
	GlobalSection(SolutionProperties) = preSolution
		HideSolutionNode = FALSE
	EndGlobalSection
	GlobalSection(ExtensibilityGlobals) = postSolution
		SolutionGuid = {459E6E3D-4A9B-40C9-8220-1A554E01290B}
	EndGlobalSection
EndGlobal
